<?xml version="1.0" encoding="UTF-8"?>
<Scheme
   LastUpgradeVersion = "1640"
   version = "1.7">
   <BuildAction
      parallelizeBuildables = "YES"
      buildImplicitDependencies = "YES"
      buildArchitectures = "Automatic">
      <BuildActionEntries>
         <BuildActionEntry
            buildForTesting = "YES"
            buildForRunning = "YES"
            buildForProfiling = "YES"
            buildForArchiving = "YES"
            buildForAnalyzing = "YES">
            <BuildableReference
               BuildableIdentifier = "primary"
               BlueprintIdentifier = "2F57AB862DDB46E100000004"
               BuildableName = "MyExtension Godot"
               BlueprintName = "MyExtension Godot"
               ReferencedContainer = "container:MyExtension.xcodeproj">
            </BuildableReference>
         </BuildActionEntry>
      </BuildActionEntries>
   </BuildAction>
   <TestAction
      buildConfiguration = "Debug"
      selectedDebuggerIdentifier = "Xcode.DebuggerFoundation.Debugger.LLDB"
      selectedLauncherIdentifier = "Xcode.DebuggerFoundation.Launcher.LLDB"
      shouldUseLaunchSchemeArgsEnv = "YES"
      shouldAutocreateTestPlan = "YES">
   </TestAction>
   <LaunchAction
      buildConfiguration = "Debug"
      selectedDebuggerIdentifier = "Xcode.DebuggerFoundation.Debugger.LLDB"
      selectedLauncherIdentifier = "Xcode.DebuggerFoundation.Launcher.LLDB"
      launchStyle = "0"
      useCustomWorkingDirectory = "YES"
      customWorkingDirectory = "__PROJECT_ROOT__"
      ignoresPersistentStateOnLaunch = "NO"
      debugDocumentVersioning = "YES"
      debugServiceExtension = "internal"
      allowLocationSimulation = "YES">
      <PreActions>
         <ExecutionAction
            ActionType = "Xcode.IDEStandardExecutionActionsCore.ExecutionActionType.ShellScriptAction">
            <ActionContent
               title = "Prepare debug Godot"
               scriptText = "cd &quot;__PROJECT_ROOT__&quot;&#10;/usr/bin/make prepare-godot-debug">
               <EnvironmentBuildable>
                  <BuildableReference
                     BuildableIdentifier = "primary"
                     BlueprintIdentifier = "2F57AB862DDB46E100000004"
                     BuildableName = "MyExtension Godot"
                     BlueprintName = "MyExtension Godot"
                     ReferencedContainer = "container:MyExtension.xcodeproj">
                  </BuildableReference>
               </EnvironmentBuildable>
            </ActionContent>
         </ExecutionAction>
      </PreActions>
      <PathRunnable
         runnableDebuggingMode = "0"
         FilePath = "__PROJECT_ROOT__/GodotProject/.debug/Godot.app/Contents/MacOS/Godot">
      </PathRunnable>
      <MacroExpansion>
         <BuildableReference
            BuildableIdentifier = "primary"
            BlueprintIdentifier = "2F57AB862DDB46E100000004"
            BuildableName = "MyExtension Godot"
            BlueprintName = "MyExtension Godot"
            ReferencedContainer = "container:MyExtension.xcodeproj">
         </BuildableReference>
      </MacroExpansion>
      <CommandLineArguments>
         <CommandLineArgument
            argument = "--path"
            isEnabled = "YES">
         </CommandLineArgument>
         <CommandLineArgument
            argument = "__PROJECT_ROOT__/GodotProject"
            isEnabled = "YES">
         </CommandLineArgument>
      </CommandLineArguments>
   </LaunchAction>
   <ProfileAction
      buildConfiguration = "Release"
      shouldUseLaunchSchemeArgsEnv = "YES"
      savedToolIdentifier = ""
      useCustomWorkingDirectory = "YES"
      customWorkingDirectory = "__PROJECT_ROOT__"
      debugDocumentVersioning = "YES">
      <PathRunnable
         runnableDebuggingMode = "0"
         FilePath = "__PROJECT_ROOT__/GodotProject/.debug/Godot.app/Contents/MacOS/Godot">
      </PathRunnable>
      <MacroExpansion>
         <BuildableReference
            BuildableIdentifier = "primary"
            BlueprintIdentifier = "2F57AB862DDB46E100000004"
            BuildableName = "MyExtension Godot"
            BlueprintName = "MyExtension Godot"
            ReferencedContainer = "container:MyExtension.xcodeproj">
         </BuildableReference>
      </MacroExpansion>
      <CommandLineArguments>
         <CommandLineArgument
            argument = "--path"
            isEnabled = "YES">
         </CommandLineArgument>
         <CommandLineArgument
            argument = "__PROJECT_ROOT__/GodotProject"
            isEnabled = "YES">
         </CommandLineArgument>
      </CommandLineArguments>
   </ProfileAction>
   <AnalyzeAction
      buildConfiguration = "Debug">
   </AnalyzeAction>
   <ArchiveAction
      buildConfiguration = "Release"
      revealArchiveInOrganizer = "YES">
   </ArchiveAction>
</Scheme>
